
Microsoft Visual Studio Solution File, Format Version 12.00
# Visual Studio Version 17
VisualStudioVersion = 17.8.34330.188
MinimumVisualStudioVersion = 10.0.40219.1
Project("{FAE04EC0-301F-11D3-BF4B-00C04F79EFBC}") = "Vendagas.API", "Vendagas.API\Vendagas.API.csproj", "{379FDB85-4645-4AEF-B9FF-280579BE631B}"
EndProject
Global
	GlobalSection(SolutionConfigurationPlatforms) = preSolution
		Debug|Any CPU = Debug|Any CPU
		Release|Any CPU = Release|Any CPU
	EndGlobalSection
	GlobalSection(ProjectConfigurationPlatforms) = postSolution
		{379FDB85-4645-4AEF-B9FF-280579BE631B}.Debug|Any CPU.ActiveCfg = Debug|Any CPU
		{379FDB85-4645-4AEF-B9FF-280579BE631B}.Debug|Any CPU.Build.0 = Debug|Any CPU
		{379FDB85-4645-4AEF-B9FF-280579BE631B}.Release|Any CPU.ActiveCfg = Release|Any CPU
		{379FDB85-4645-4AEF-B9FF-280579BE631B}.Release|Any CPU.Build.0 = Release|Any CPU
	EndGlobalSection
	GlobalSection(SolutionProperties) = preSolution
		HideSolutionNode = FALSE
	EndGlobalSection
	GlobalSection(ExtensibilityGlobals) = postSolution
		SolutionGuid = {7D309FBA-EBB7-488F-8081-144DDC36E658}
	EndGlobalSection
EndGlobal
